
Microsoft Visual Studio Solution File, Format Version 11.00
# Visual Studio 2010
Project("{FAE04EC0-301F-11D3-BF4B-00C04F79EFBC}") = "DataVerificationDemo", "FrmTest\DataVerificationDemo.csproj", "{EC9E5659-6D08-4A8D-972E-486F9120DC3F}"
EndProject
Project("{FAE04EC0-301F-11D3-BF4B-00C04F79EFBC}") = "UtilForDataCheck", "UtilForDataCheck\UtilForDataCheck.csproj", "{DA0CCEAA-ECB9-4E0B-8699-D4374D7F2BEC}"
EndProject
Global
	GlobalSection(SolutionConfigurationPlatforms) = preSolution
		Debug|Any CPU = Debug|Any CPU
		Debug|Mixed Platforms = Debug|Mixed Platforms
		Debug|x86 = Debug|x86
		Release|Any CPU = Release|Any CPU
		Release|Mixed Platforms = Release|Mixed Platforms
		Release|x86 = Release|x86
	EndGlobalSection
	GlobalSection(ProjectConfigurationPlatforms) = postSolution
		{EC9E5659-6D08-4A8D-972E-486F9120DC3F}.Debug|Any CPU.ActiveCfg = Debug|x86
		{EC9E5659-6D08-4A8D-972E-486F9120DC3F}.Debug|Mixed Platforms.ActiveCfg = Debug|x86
		{EC9E5659-6D08-4A8D-972E-486F9120DC3F}.Debug|Mixed Platforms.Build.0 = Debug|x86
		{EC9E5659-6D08-4A8D-972E-486F9120DC3F}.Debug|x86.ActiveCfg = Debug|x86
		{EC9E5659-6D08-4A8D-972E-486F9120DC3F}.Debug|x86.Build.0 = Debug|x86
		{EC9E5659-6D08-4A8D-972E-486F9120DC3F}.Release|Any CPU.ActiveCfg = Release|x86
		{EC9E5659-6D08-4A8D-972E-486F9120DC3F}.Release|Mixed Platforms.ActiveCfg = Release|x86
		{EC9E5659-6D08-4A8D-972E-486F9120DC3F}.Release|Mixed Platforms.Build.0 = Release|x86
		{EC9E5659-6D08-4A8D-972E-486F9120DC3F}.Release|x86.ActiveCfg = Release|x86
		{EC9E5659-6D08-4A8D-972E-486F9120DC3F}.Release|x86.Build.0 = Release|x86
		{DA0CCEAA-ECB9-4E0B-8699-D4374D7F2BEC}.Debug|Any CPU.ActiveCfg = Debug|Any CPU
		{DA0CCEAA-ECB9-4E0B-8699-D4374D7F2BEC}.Debug|Any CPU.Build.0 = Debug|Any CPU
		{DA0CCEAA-ECB9-4E0B-8699-D4374D7F2BEC}.Debug|Mixed Platforms.ActiveCfg = Debug|Any CPU
		{DA0CCEAA-ECB9-4E0B-8699-D4374D7F2BEC}.Debug|Mixed Platforms.Build.0 = Debug|Any CPU
		{DA0CCEAA-ECB9-4E0B-8699-D4374D7F2BEC}.Debug|x86.ActiveCfg = Debug|Any CPU
		{DA0CCEAA-ECB9-4E0B-8699-D4374D7F2BEC}.Release|Any CPU.ActiveCfg = Release|Any CPU
		{DA0CCEAA-ECB9-4E0B-8699-D4374D7F2BEC}.Release|Any CPU.Build.0 = Release|Any CPU
		{DA0CCEAA-ECB9-4E0B-8699-D4374D7F2BEC}.Release|Mixed Platforms.ActiveCfg = Release|Any CPU
		{DA0CCEAA-ECB9-4E0B-8699-D4374D7F2BEC}.Release|Mixed Platforms.Build.0 = Release|Any CPU
		{DA0CCEAA-ECB9-4E0B-8699-D4374D7F2BEC}.Release|x86.ActiveCfg = Release|Any CPU
	EndGlobalSection
	GlobalSection(SolutionProperties) = preSolution
		HideSolutionNode = FALSE
	EndGlobalSection
EndGlobal
